
Microsoft Visual Studio Solution File, Format Version 12.00
Project("{FAE04EC0-301F-11D3-BF4B-00C04F79EFBC}") = "PRN231.Repo", "PRN231.Repo\PRN231.Repo.csproj", "{B15A4577-2670-4E43-8406-B2CEB716DBE7}"
EndProject
Project("{FAE04EC0-301F-11D3-BF4B-00C04F79EFBC}") = "PRN231.API", "PRN231.API\PRN231.API.csproj", "{EF401FFA-AD21-451D-B98C-1D4FA642F39C}"
EndProject
Global
	GlobalSection(SolutionConfigurationPlatforms) = preSolution
		Debug|Any CPU = Debug|Any CPU
		Release|Any CPU = Release|Any CPU
	EndGlobalSection
	GlobalSection(ProjectConfigurationPlatforms) = postSolution
		{B15A4577-2670-4E43-8406-B2CEB716DBE7}.Debug|Any CPU.ActiveCfg = Debug|Any CPU
		{B15A4577-2670-4E43-8406-B2CEB716DBE7}.Debug|Any CPU.Build.0 = Debug|Any CPU
		{B15A4577-2670-4E43-8406-B2CEB716DBE7}.Release|Any CPU.ActiveCfg = Release|Any CPU
		{B15A4577-2670-4E43-8406-B2CEB716DBE7}.Release|Any CPU.Build.0 = Release|Any CPU
		{EF401FFA-AD21-451D-B98C-1D4FA642F39C}.Debug|Any CPU.ActiveCfg = Debug|Any CPU
		{EF401FFA-AD21-451D-B98C-1D4FA642F39C}.Debug|Any CPU.Build.0 = Debug|Any CPU
		{EF401FFA-AD21-451D-B98C-1D4FA642F39C}.Release|Any CPU.ActiveCfg = Release|Any CPU
		{EF401FFA-AD21-451D-B98C-1D4FA642F39C}.Release|Any CPU.Build.0 = Release|Any CPU
	EndGlobalSection
EndGlobal
